// !$*UTF8*$!
{
	archiveVersion = 1;
	classes = {
	};
	objectVersion = 50;
	objects = {

/* Begin PBXBuildFile section */
		763D177B219B6DCF00B51D3C /* QuickBitesCollectionViewCell.swift in Sources */ = {isa = PBXBuildFile; fileRef = 763D177A219B6DCF00B51D3C /* QuickBitesCollectionViewCell.swift */; };
		763D177D219B6E1000B51D3C /* HomeViewController.swift in Sources */ = {isa = PBXBuildFile; fileRef = 763D177C219B6E1000B51D3C /* HomeViewController.swift */; };
		763D1780219B71DE00B51D3C /* QuickBitesSeeAllViewController.swift in Sources */ = {isa = PBXBuildFile; fileRef = 763D177F219B71DE00B51D3C /* QuickBitesSeeAllViewController.swift */; };
		763D1782219B729800B51D3C /* QuickBitesSeeAllTableViewCell.swift in Sources */ = {isa = PBXBuildFile; fileRef = 763D1781219B729800B51D3C /* QuickBitesSeeAllTableViewCell.swift */; };
		76491BD221BD968900A45BFC /* Favorites+CoreDataClass.swift in Sources */ = {isa = PBXBuildFile; fileRef = 76491BD021BD968900A45BFC /* Favorites+CoreDataClass.swift */; };
		76491BD321BD968900A45BFC /* Favorites+CoreDataProperties.swift in Sources */ = {isa = PBXBuildFile; fileRef = 76491BD121BD968900A45BFC /* Favorites+CoreDataProperties.swift */; };
		76491BD521BD9C7800A45BFC /* FavoriteRecipeViewController.swift in Sources */ = {isa = PBXBuildFile; fileRef = 76491BD421BD9C7800A45BFC /* FavoriteRecipeViewController.swift */; };
		76491BD721BD9CB900A45BFC /* FavoriteRecipeTableViewCell.swift in Sources */ = {isa = PBXBuildFile; fileRef = 76491BD621BD9CB900A45BFC /* FavoriteRecipeTableViewCell.swift */; };
		76491BD921BE2D2600A45BFC /* SearchViewController.swift in Sources */ = {isa = PBXBuildFile; fileRef = 76491BD821BE2D2600A45BFC /* SearchViewController.swift */; };
		76491BDB21BE2E7E00A45BFC /* SearchTableViewCell.swift in Sources */ = {isa = PBXBuildFile; fileRef = 76491BDA21BE2E7E00A45BFC /* SearchTableViewCell.swift */; };
		767E8097219E13D000526B1D /* Recipe.swift in Sources */ = {isa = PBXBuildFile; fileRef = 767E8096219E13D000526B1D /* Recipe.swift */; };
		76948B9C21B05322005BD497 /* RecipeModel.xcdatamodeld in Sources */ = {isa = PBXBuildFile; fileRef = 76948B9A21B05322005BD497 /* RecipeModel.xcdatamodeld */; };
		76A1D04121B700D200DFF588 /* DetailedRecipeViewController.swift in Sources */ = {isa = PBXBuildFile; fileRef = 76A1D04021B700D200DFF588 /* DetailedRecipeViewController.swift */; };
		76AC06F821B786EB007B846F /* YummlySearchByIngredient.swift in Sources */ = {isa = PBXBuildFile; fileRef = 76AC06F721B786EB007B846F /* YummlySearchByIngredient.swift */; };
		76AC06FA21B78805007B846F /* SearchByIngredientViewController.swift in Sources */ = {isa = PBXBuildFile; fileRef = 76AC06F921B78805007B846F /* SearchByIngredientViewController.swift */; };
		76AC06FC21B789C3007B846F /* SearchByIngredientsTableViewCell.swift in Sources */ = {isa = PBXBuildFile; fileRef = 76AC06FB21B789C3007B846F /* SearchByIngredientsTableViewCell.swift */; };
		76C0257D219DE033009CEBA0 /* PantryViewController.swift in Sources */ = {isa = PBXBuildFile; fileRef = 76C0257C219DE033009CEBA0 /* PantryViewController.swift */; };
		76C0257F219DE0C6009CEBA0 /* PantryItemTableViewCell.swift in Sources */ = {isa = PBXBuildFile; fileRef = 76C0257E219DE0C6009CEBA0 /* PantryItemTableViewCell.swift */; };
		76D49F8321B9AC0200E7CCD9 /* Pantry+CoreDataClass.swift in Sources */ = {isa = PBXBuildFile; fileRef = 76D49F8121B9AC0200E7CCD9 /* Pantry+CoreDataClass.swift */; };
		76D49F8421B9AC0200E7CCD9 /* Pantry+CoreDataProperties.swift in Sources */ = {isa = PBXBuildFile; fileRef = 76D49F8221B9AC0200E7CCD9 /* Pantry+CoreDataProperties.swift */; };
		76F29FE021B7460100F8BAB7 /* WebKitViewController.swift in Sources */ = {isa = PBXBuildFile; fileRef = 76F29FDF21B7460100F8BAB7 /* WebKitViewController.swift */; };
		76F29FE221B75D3300F8BAB7 /* BeefRecipesCollectionViewCell.swift in Sources */ = {isa = PBXBuildFile; fileRef = 76F29FE121B75D3300F8BAB7 /* BeefRecipesCollectionViewCell.swift */; };
		76F29FE421B7630A00F8BAB7 /* PorkRecipesCollectionViewCell.swift in Sources */ = {isa = PBXBuildFile; fileRef = 76F29FE321B7630A00F8BAB7 /* PorkRecipesCollectionViewCell.swift */; };
		76F8BE52219E000500952B7C /* YummlyAPI.swift in Sources */ = {isa = PBXBuildFile; fileRef = 76F8BE51219E000500952B7C /* YummlyAPI.swift */; };
		7BE43AC4218B77F50072738F /* AppDelegate.swift in Sources */ = {isa = PBXBuildFile; fileRef = 7BE43AC3218B77F50072738F /* AppDelegate.swift */; };
		7BE43AC9218B77F50072738F /* Main.storyboard in Resources */ = {isa = PBXBuildFile; fileRef = 7BE43AC7218B77F50072738F /* Main.storyboard */; };
		7BE43ACB218B77F60072738F /* Assets.xcassets in Resources */ = {isa = PBXBuildFile; fileRef = 7BE43ACA218B77F60072738F /* Assets.xcassets */; };
		7BE43ACE218B77F60072738F /* LaunchScreen.storyboard in Resources */ = {isa = PBXBuildFile; fileRef = 7BE43ACC218B77F60072738F /* LaunchScreen.storyboard */; };
/* End PBXBuildFile section */

/* Begin PBXFileReference section */
		763D177A219B6DCF00B51D3C /* QuickBitesCollectionViewCell.swift */ = {isa = PBXFileReference; lastKnownFileType = sourcecode.swift; path = QuickBitesCollectionViewCell.swift; sourceTree = "<group>"; };
		763D177C219B6E1000B51D3C /* HomeViewController.swift */ = {isa = PBXFileReference; lastKnownFileType = sourcecode.swift; path = HomeViewController.swift; sourceTree = "<group>"; };
		763D177F219B71DE00B51D3C /* QuickBitesSeeAllViewController.swift */ = {isa = PBXFileReference; lastKnownFileType = sourcecode.swift; path = QuickBitesSeeAllViewController.swift; sourceTree = "<group>"; };
		763D1781219B729800B51D3C /* QuickBitesSeeAllTableViewCell.swift */ = {isa = PBXFileReference; lastKnownFileType = sourcecode.swift; path = QuickBitesSeeAllTableViewCell.swift; sourceTree = "<group>"; };
		76491BD021BD968900A45BFC /* Favorites+CoreDataClass.swift */ = {isa = PBXFileReference; lastKnownFileType = sourcecode.swift; path = "Favorites+CoreDataClass.swift"; sourceTree = "<group>"; };
		76491BD121BD968900A45BFC /* Favorites+CoreDataProperties.swift */ = {isa = PBXFileReference; lastKnownFileType = sourcecode.swift; path = "Favorites+CoreDataProperties.swift"; sourceTree = "<group>"; };
		76491BD421BD9C7800A45BFC /* FavoriteRecipeViewController.swift */ = {isa = PBXFileReference; lastKnownFileType = sourcecode.swift; path = FavoriteRecipeViewController.swift; sourceTree = "<group>"; };
		76491BD621BD9CB900A45BFC /* FavoriteRecipeTableViewCell.swift */ = {isa = PBXFileReference; lastKnownFileType = sourcecode.swift; path = FavoriteRecipeTableViewCell.swift; sourceTree = "<group>"; };
		76491BD821BE2D2600A45BFC /* SearchViewController.swift */ = {isa = PBXFileReference; lastKnownFileType = sourcecode.swift; path = SearchViewController.swift; sourceTree = "<group>"; };
		76491BDA21BE2E7E00A45BFC /* SearchTableViewCell.swift */ = {isa = PBXFileReference; lastKnownFileType = sourcecode.swift; path = SearchTableViewCell.swift; sourceTree = "<group>"; };
		767E8096219E13D000526B1D /* Recipe.swift */ = {isa = PBXFileReference; lastKnownFileType = sourcecode.swift; path = Recipe.swift; sourceTree = "<group>"; };
		76948B9B21B05322005BD497 /* RecipeModel.xcdatamodel */ = {isa = PBXFileReference; lastKnownFileType = wrapper.xcdatamodel; path = RecipeModel.xcdatamodel; sourceTree = "<group>"; };
		76A1D04021B700D200DFF588 /* DetailedRecipeViewController.swift */ = {isa = PBXFileReference; lastKnownFileType = sourcecode.swift; path = DetailedRecipeViewController.swift; sourceTree = "<group>"; };
		76AC06F721B786EB007B846F /* YummlySearchByIngredient.swift */ = {isa = PBXFileReference; lastKnownFileType = sourcecode.swift; path = YummlySearchByIngredient.swift; sourceTree = "<group>"; };
		76AC06F921B78805007B846F /* SearchByIngredientViewController.swift */ = {isa = PBXFileReference; lastKnownFileType = sourcecode.swift; path = SearchByIngredientViewController.swift; sourceTree = "<group>"; };
		76AC06FB21B789C3007B846F /* SearchByIngredientsTableViewCell.swift */ = {isa = PBXFileReference; lastKnownFileType = sourcecode.swift; path = SearchByIngredientsTableViewCell.swift; sourceTree = "<group>"; };
		76C0257C219DE033009CEBA0 /* PantryViewController.swift */ = {isa = PBXFileReference; lastKnownFileType = sourcecode.swift; path = PantryViewController.swift; sourceTree = "<group>"; };
		76C0257E219DE0C6009CEBA0 /* PantryItemTableViewCell.swift */ = {isa = PBXFileReference; lastKnownFileType = sourcecode.swift; path = PantryItemTableViewCell.swift; sourceTree = "<group>"; };
		76D49F8121B9AC0200E7CCD9 /* Pantry+CoreDataClass.swift */ = {isa = PBXFileReference; lastKnownFileType = sourcecode.swift; path = "Pantry+CoreDataClass.swift"; sourceTree = "<group>"; };
		76D49F8221B9AC0200E7CCD9 /* Pantry+CoreDataProperties.swift */ = {isa = PBXFileReference; lastKnownFileType = sourcecode.swift; path = "Pantry+CoreDataProperties.swift"; sourceTree = "<group>"; };
		76F29FDF21B7460100F8BAB7 /* WebKitViewController.swift */ = {isa = PBXFileReference; lastKnownFileType = sourcecode.swift; path = WebKitViewController.swift; sourceTree = "<group>"; };
		76F29FE121B75D3300F8BAB7 /* BeefRecipesCollectionViewCell.swift */ = {isa = PBXFileReference; lastKnownFileType = sourcecode.swift; path = BeefRecipesCollectionViewCell.swift; sourceTree = "<group>"; };
		76F29FE321B7630A00F8BAB7 /* PorkRecipesCollectionViewCell.swift */ = {isa = PBXFileReference; lastKnownFileType = sourcecode.swift; path = PorkRecipesCollectionViewCell.swift; sourceTree = "<group>"; };
		76F8BE51219E000500952B7C /* YummlyAPI.swift */ = {isa = PBXFileReference; lastKnownFileType = sourcecode.swift; path = YummlyAPI.swift; sourceTree = "<group>"; };
		7BE43AC0218B77F50072738F /* Pocket Chef.app */ = {isa = PBXFileReference; explicitFileType = wrapper.application; includeInIndex = 0; path = "Pocket Chef.app"; sourceTree = BUILT_PRODUCTS_DIR; };
		7BE43AC3218B77F50072738F /* AppDelegate.swift */ = {isa = PBXFileReference; lastKnownFileType = sourcecode.swift; path = AppDelegate.swift; sourceTree = "<group>"; };
		7BE43AC8218B77F50072738F /* Base */ = {isa = PBXFileReference; lastKnownFileType = file.storyboard; name = Base; path = Base.lproj/Main.storyboard; sourceTree = "<group>"; };
		7BE43ACA218B77F60072738F /* Assets.xcassets */ = {isa = PBXFileReference; lastKnownFileType = folder.assetcatalog; path = Assets.xcassets; sourceTree = "<group>"; };
		7BE43ACD218B77F60072738F /* Base */ = {isa = PBXFileReference; lastKnownFileType = file.storyboard; name = Base; path = Base.lproj/LaunchScreen.storyboard; sourceTree = "<group>"; };
		7BE43ACF218B77F60072738F /* Info.plist */ = {isa = PBXFileReference; lastKnownFileType = text.plist.xml; path = Info.plist; sourceTree = "<group>"; };
/* End PBXFileReference section */

/* Begin PBXFrameworksBuildPhase section */
		7BE43ABD218B77F50072738F /* Frameworks */ = {
			isa = PBXFrameworksBuildPhase;
			buildActionMask = 2147483647;
			files = (
			);
			runOnlyForDeploymentPostprocessing = 0;
		};
/* End PBXFrameworksBuildPhase section */

/* Begin PBXGroup section */
		762CFB1F21B59E6900903E68 /* CoreData */ = {
			isa = PBXGroup;
			children = (
				76491BD021BD968900A45BFC /* Favorites+CoreDataClass.swift */,
				76491BD121BD968900A45BFC /* Favorites+CoreDataProperties.swift */,
				76D49F8121B9AC0200E7CCD9 /* Pantry+CoreDataClass.swift */,
				76D49F8221B9AC0200E7CCD9 /* Pantry+CoreDataProperties.swift */,
			);
			path = CoreData;
			sourceTree = "<group>";
		};
		763D1779219B6DB900B51D3C /* Cells */ = {
			isa = PBXGroup;
			children = (
				763D177A219B6DCF00B51D3C /* QuickBitesCollectionViewCell.swift */,
				763D1781219B729800B51D3C /* QuickBitesSeeAllTableViewCell.swift */,
				76C0257E219DE0C6009CEBA0 /* PantryItemTableViewCell.swift */,
				76F29FE121B75D3300F8BAB7 /* BeefRecipesCollectionViewCell.swift */,
				76F29FE321B7630A00F8BAB7 /* PorkRecipesCollectionViewCell.swift */,
				76AC06FB21B789C3007B846F /* SearchByIngredientsTableViewCell.swift */,
				76491BD621BD9CB900A45BFC /* FavoriteRecipeTableViewCell.swift */,
				76491BDA21BE2E7E00A45BFC /* SearchTableViewCell.swift */,
			);
			path = Cells;
			sourceTree = "<group>";
		};
		763D177E219B6E1900B51D3C /* View Controllers */ = {
			isa = PBXGroup;
			children = (
				763D177C219B6E1000B51D3C /* HomeViewController.swift */,
				763D177F219B71DE00B51D3C /* QuickBitesSeeAllViewController.swift */,
				76C0257C219DE033009CEBA0 /* PantryViewController.swift */,
				76A1D04021B700D200DFF588 /* DetailedRecipeViewController.swift */,
				76F29FDF21B7460100F8BAB7 /* WebKitViewController.swift */,
				76AC06F921B78805007B846F /* SearchByIngredientViewController.swift */,
				76491BD421BD9C7800A45BFC /* FavoriteRecipeViewController.swift */,
				76491BD821BE2D2600A45BFC /* SearchViewController.swift */,
			);
			path = "View Controllers";
			sourceTree = "<group>";
		};
		76F8BE50219DFFDD00952B7C /* Model */ = {
			isa = PBXGroup;
			children = (
				76F8BE51219E000500952B7C /* YummlyAPI.swift */,
				767E8096219E13D000526B1D /* Recipe.swift */,
				76AC06F721B786EB007B846F /* YummlySearchByIngredient.swift */,
			);
			path = Model;
			sourceTree = "<group>";
		};
		7BE43AB7218B77F50072738F = {
			isa = PBXGroup;
			children = (
				7BE43AC2218B77F50072738F /* Pocket Chef */,
				7BE43AC1218B77F50072738F /* Products */,
			);
			sourceTree = "<group>";
		};
		7BE43AC1218B77F50072738F /* Products */ = {
			isa = PBXGroup;
			children = (
				7BE43AC0218B77F50072738F /* Pocket Chef.app */,
			);
			name = Products;
			sourceTree = "<group>";
		};
		7BE43AC2218B77F50072738F /* Pocket Chef */ = {
			isa = PBXGroup;
			children = (
				762CFB1F21B59E6900903E68 /* CoreData */,
				76F8BE50219DFFDD00952B7C /* Model */,
				763D177E219B6E1900B51D3C /* View Controllers */,
				763D1779219B6DB900B51D3C /* Cells */,
				7BE43AC3218B77F50072738F /* AppDelegate.swift */,
				7BE43AC7218B77F50072738F /* Main.storyboard */,
				7BE43ACA218B77F60072738F /* Assets.xcassets */,
				7BE43ACC218B77F60072738F /* LaunchScreen.storyboard */,
				7BE43ACF218B77F60072738F /* Info.plist */,
				76948B9A21B05322005BD497 /* RecipeModel.xcdatamodeld */,
			);
			path = "Pocket Chef";
			sourceTree = "<group>";
		};
/* End PBXGroup section */

/* Begin PBXNativeTarget section */
		7BE43ABF218B77F50072738F /* Pocket Chef */ = {
			isa = PBXNativeTarget;
			buildConfigurationList = 7BE43AD2218B77F60072738F /* Build configuration list for PBXNativeTarget "Pocket Chef" */;
			buildPhases = (
				7BE43ABC218B77F50072738F /* Sources */,
				7BE43ABD218B77F50072738F /* Frameworks */,
				7BE43ABE218B77F50072738F /* Resources */,
			);
			buildRules = (
			);
			dependencies = (
			);
			name = "Pocket Chef";
			productName = "Pocket Chef";
			productReference = 7BE43AC0218B77F50072738F /* Pocket Chef.app */;
			productType = "com.apple.product-type.application";
		};
/* End PBXNativeTarget section */

/* Begin PBXProject section */
		7BE43AB8218B77F50072738F /* Project object */ = {
			isa = PBXProject;
			attributes = {
				LastSwiftUpdateCheck = 1000;
				LastUpgradeCheck = 1000;
				ORGANIZATIONNAME = "Ryan Rottmann";
				TargetAttributes = {
					7BE43ABF218B77F50072738F = {
						CreatedOnToolsVersion = 10.0;
					};
				};
			};
			buildConfigurationList = 7BE43ABB218B77F50072738F /* Build configuration list for PBXProject "Pocket Chef" */;
			compatibilityVersion = "Xcode 9.3";
			developmentRegion = en;
			hasScannedForEncodings = 0;
			knownRegions = (
				en,
				Base,
			);
			mainGroup = 7BE43AB7218B77F50072738F;
			productRefGroup = 7BE43AC1218B77F50072738F /* Products */;
			projectDirPath = "";
			projectRoot = "";
			targets = (
				7BE43ABF218B77F50072738F /* Pocket Chef */,
			);
		};
/* End PBXProject section */

/* Begin PBXResourcesBuildPhase section */
		7BE43ABE218B77F50072738F /* Resources */ = {
			isa = PBXResourcesBuildPhase;
			buildActionMask = 2147483647;
			files = (
				7BE43ACE218B77F60072738F /* LaunchScreen.storyboard in Resources */,
				7BE43ACB218B77F60072738F /* Assets.xcassets in Resources */,
				7BE43AC9218B77F50072738F /* Main.storyboard in Resources */,
			);
			runOnlyForDeploymentPostprocessing = 0;
		};
/* End PBXResourcesBuildPhase section */

/* Begin PBXSourcesBuildPhase section */
		7BE43ABC218B77F50072738F /* Sources */ = {
			isa = PBXSourcesBuildPhase;
			buildActionMask = 2147483647;
			files = (
				76C0257D219DE033009CEBA0 /* PantryViewController.swift in Sources */,
				76F8BE52219E000500952B7C /* YummlyAPI.swift in Sources */,
				76F29FE421B7630A00F8BAB7 /* PorkRecipesCollectionViewCell.swift in Sources */,
				76D49F8321B9AC0200E7CCD9 /* Pantry+CoreDataClass.swift in Sources */,
				76F29FE021B7460100F8BAB7 /* WebKitViewController.swift in Sources */,
				763D1780219B71DE00B51D3C /* QuickBitesSeeAllViewController.swift in Sources */,
				76F29FE221B75D3300F8BAB7 /* BeefRecipesCollectionViewCell.swift in Sources */,
				76AC06FC21B789C3007B846F /* SearchByIngredientsTableViewCell.swift in Sources */,
				76491BD521BD9C7800A45BFC /* FavoriteRecipeViewController.swift in Sources */,
				763D177B219B6DCF00B51D3C /* QuickBitesCollectionViewCell.swift in Sources */,
				7BE43AC4218B77F50072738F /* AppDelegate.swift in Sources */,
				76491BD321BD968900A45BFC /* Favorites+CoreDataProperties.swift in Sources */,
				76D49F8421B9AC0200E7CCD9 /* Pantry+CoreDataProperties.swift in Sources */,
				76491BD721BD9CB900A45BFC /* FavoriteRecipeTableViewCell.swift in Sources */,
				76491BD221BD968900A45BFC /* Favorites+CoreDataClass.swift in Sources */,
				763D177D219B6E1000B51D3C /* HomeViewController.swift in Sources */,
				767E8097219E13D000526B1D /* Recipe.swift in Sources */,
				76AC06FA21B78805007B846F /* SearchByIngredientViewController.swift in Sources */,
				76491BD921BE2D2600A45BFC /* SearchViewController.swift in Sources */,
				76491BDB21BE2E7E00A45BFC /* SearchTableViewCell.swift in Sources */,
				76AC06F821B786EB007B846F /* YummlySearchByIngredient.swift in Sources */,
				76A1D04121B700D200DFF588 /* DetailedRecipeViewController.swift in Sources */,
				763D1782219B729800B51D3C /* QuickBitesSeeAllTableViewCell.swift in Sources */,
				76C0257F219DE0C6009CEBA0 /* PantryItemTableViewCell.swift in Sources */,
				76948B9C21B05322005BD497 /* RecipeModel.xcdatamodeld in Sources */,
			);
			runOnlyForDeploymentPostprocessing = 0;
		};
/* End PBXSourcesBuildPhase section */

/* Begin PBXVariantGroup section */
		7BE43AC7218B77F50072738F /* Main.storyboard */ = {
			isa = PBXVariantGroup;
			children = (
				7BE43AC8218B77F50072738F /* Base */,
			);
			name = Main.storyboard;
			sourceTree = "<group>";
		};
		7BE43ACC218B77F60072738F /* LaunchScreen.storyboard */ = {
			isa = PBXVariantGroup;
			children = (
				7BE43ACD218B77F60072738F /* Base */,
			);
			name = LaunchScreen.storyboard;
			sourceTree = "<group>";
		};
/* End PBXVariantGroup section */

/* Begin XCBuildConfiguration section */
		7BE43AD0218B77F60072738F /* Debug */ = {
			isa = XCBuildConfiguration;
			buildSettings = {
				ALWAYS_SEARCH_USER_PATHS = NO;
				CLANG_ANALYZER_NONNULL = YES;
				CLANG_ANALYZER_NUMBER_OBJECT_CONVERSION = YES_AGGRESSIVE;
				CLANG_CXX_LANGUAGE_STANDARD = "gnu++14";
				CLANG_CXX_LIBRARY = "libc++";
				CLANG_ENABLE_MODULES = YES;
				CLANG_ENABLE_OBJC_ARC = YES;
				CLANG_ENABLE_OBJC_WEAK = YES;
				CLANG_WARN_BLOCK_CAPTURE_AUTORELEASING = YES;
				CLANG_WARN_BOOL_CONVERSION = YES;
				CLANG_WARN_COMMA = YES;
				CLANG_WARN_CONSTANT_CONVERSION = YES;
				CLANG_WARN_DEPRECATED_OBJC_IMPLEMENTATIONS = YES;
				CLANG_WARN_DIRECT_OBJC_ISA_USAGE = YES_ERROR;
				CLANG_WARN_DOCUMENTATION_COMMENTS = YES;
				CLANG_WARN_EMPTY_BODY = YES;
				CLANG_WARN_ENUM_CONVERSION = YES;
				CLANG_WARN_INFINITE_RECURSION = YES;
				CLANG_WARN_INT_CONVERSION = YES;
				CLANG_WARN_NON_LITERAL_NULL_CONVERSION = YES;
				CLANG_WARN_OBJC_IMPLICIT_RETAIN_SELF = YES;
				CLANG_WARN_OBJC_LITERAL_CONVERSION = YES;
				CLANG_WARN_OBJC_ROOT_CLASS = YES_ERROR;
				CLANG_WARN_RANGE_LOOP_ANALYSIS = YES;
				CLANG_WARN_STRICT_PROTOTYPES = YES;
				CLANG_WARN_SUSPICIOUS_MOVE = YES;
				CLANG_WARN_UNGUARDED_AVAILABILITY = YES_AGGRESSIVE;
				CLANG_WARN_UNREACHABLE_CODE = YES;
				CLANG_WARN__DUPLICATE_METHOD_MATCH = YES;
				CODE_SIGN_IDENTITY = "iPhone Developer";
				COPY_PHASE_STRIP = NO;
				DEBUG_INFORMATION_FORMAT = dwarf;
				ENABLE_STRICT_OBJC_MSGSEND = YES;
				ENABLE_TESTABILITY = YES;
				GCC_C_LANGUAGE_STANDARD = gnu11;
				GCC_DYNAMIC_NO_PIC = NO;
				GCC_NO_COMMON_BLOCKS = YES;
				GCC_OPTIMIZATION_LEVEL = 0;
				GCC_PREPROCESSOR_DEFINITIONS = (
					"DEBUG=1",
					"$(inherited)",
				);
				GCC_WARN_64_TO_32_BIT_CONVERSION = YES;
				GCC_WARN_ABOUT_RETURN_TYPE = YES_ERROR;
				GCC_WARN_UNDECLARED_SELECTOR = YES;
				GCC_WARN_UNINITIALIZED_AUTOS = YES_AGGRESSIVE;
				GCC_WARN_UNUSED_FUNCTION = YES;
				GCC_WARN_UNUSED_VARIABLE = YES;
				IPHONEOS_DEPLOYMENT_TARGET = 12.0;
				MTL_ENABLE_DEBUG_INFO = INCLUDE_SOURCE;
				MTL_FAST_MATH = YES;
				ONLY_ACTIVE_ARCH = YES;
				SDKROOT = iphoneos;
				SWIFT_ACTIVE_COMPILATION_CONDITIONS = DEBUG;
				SWIFT_OPTIMIZATION_LEVEL = "-Onone";
			};
			name = Debug;
		};
		7BE43AD1218B77F60072738F /* Release */ = {
			isa = XCBuildConfiguration;
			buildSettings = {
				ALWAYS_SEARCH_USER_PATHS = NO;
				CLANG_ANALYZER_NONNULL = YES;
				CLANG_ANALYZER_NUMBER_OBJECT_CONVERSION = YES_AGGRESSIVE;
				CLANG_CXX_LANGUAGE_STANDARD = "gnu++14";
				CLANG_CXX_LIBRARY = "libc++";
				CLANG_ENABLE_MODULES = YES;
				CLANG_ENABLE_OBJC_ARC = YES;
				CLANG_ENABLE_OBJC_WEAK = YES;
				CLANG_WARN_BLOCK_CAPTURE_AUTORELEASING = YES;
				CLANG_WARN_BOOL_CONVERSION = YES;
				CLANG_WARN_COMMA = YES;
				CLANG_WARN_CONSTANT_CONVERSION = YES;
				CLANG_WARN_DEPRECATED_OBJC_IMPLEMENTATIONS = YES;
				CLANG_WARN_DIRECT_OBJC_ISA_USAGE = YES_ERROR;
				CLANG_WARN_DOCUMENTATION_COMMENTS = YES;
				CLANG_WARN_EMPTY_BODY = YES;
				CLANG_WARN_ENUM_CONVERSION = YES;
				CLANG_WARN_INFINITE_RECURSION = YES;
				CLANG_WARN_INT_CONVERSION = YES;
				CLANG_WARN_NON_LITERAL_NULL_CONVERSION = YES;
				CLANG_WARN_OBJC_IMPLICIT_RETAIN_SELF = YES;
				CLANG_WARN_OBJC_LITERAL_CONVERSION = YES;
				CLANG_WARN_OBJC_ROOT_CLASS = YES_ERROR;
				CLANG_WARN_RANGE_LOOP_ANALYSIS = YES;
				CLANG_WARN_STRICT_PROTOTYPES = YES;
				CLANG_WARN_SUSPICIOUS_MOVE = YES;
				CLANG_WARN_UNGUARDED_AVAILABILITY = YES_AGGRESSIVE;
				CLANG_WARN_UNREACHABLE_CODE = YES;
				CLANG_WARN__DUPLICATE_METHOD_MATCH = YES;
				CODE_SIGN_IDENTITY = "iPhone Developer";
				COPY_PHASE_STRIP = NO;
				DEBUG_INFORMATION_FORMAT = "dwarf-with-dsym";
				ENABLE_NS_ASSERTIONS = NO;
				ENABLE_STRICT_OBJC_MSGSEND = YES;
				GCC_C_LANGUAGE_STANDARD = gnu11;
				GCC_NO_COMMON_BLOCKS = YES;
				GCC_WARN_64_TO_32_BIT_CONVERSION = YES;
				GCC_WARN_ABOUT_RETURN_TYPE = YES_ERROR;
				GCC_WARN_UNDECLARED_SELECTOR = YES;
				GCC_WARN_UNINITIALIZED_AUTOS = YES_AGGRESSIVE;
				GCC_WARN_UNUSED_FUNCTION = YES;
				GCC_WARN_UNUSED_VARIABLE = YES;
				IPHONEOS_DEPLOYMENT_TARGET = 12.0;
				MTL_ENABLE_DEBUG_INFO = NO;
				MTL_FAST_MATH = YES;
				SDKROOT = iphoneos;
				SWIFT_COMPILATION_MODE = wholemodule;
				SWIFT_OPTIMIZATION_LEVEL = "-O";
				VALIDATE_PRODUCT = YES;
			};
			name = Release;
		};
		7BE43AD3218B77F60072738F /* Debug */ = {
			isa = XCBuildConfiguration;
			buildSettings = {
				ASSETCATALOG_COMPILER_APPICON_NAME = AppIcon;
				CODE_SIGN_STYLE = Automatic;
				DEVELOPMENT_TEAM = VHR8SJQWXF;
				INFOPLIST_FILE = "Pocket Chef/Info.plist";
				LD_RUNPATH_SEARCH_PATHS = (
					"$(inherited)",
					"@executable_path/Frameworks",
				);
				PRODUCT_BUNDLE_IDENTIFIER = "edu.missouri.Pocket-Chef";
				PRODUCT_NAME = "$(TARGET_NAME)";
				SWIFT_VERSION = 4.2;
				TARGETED_DEVICE_FAMILY = "1,2";
			};
			name = Debug;
		};
		7BE43AD4218B77F60072738F /* Release */ = {
			isa = XCBuildConfiguration;
			buildSettings = {
				ASSETCATALOG_COMPILER_APPICON_NAME = AppIcon;
				CODE_SIGN_STYLE = Automatic;
				DEVELOPMENT_TEAM = VHR8SJQWXF;
				INFOPLIST_FILE = "Pocket Chef/Info.plist";
				LD_RUNPATH_SEARCH_PATHS = (
					"$(inherited)",
					"@executable_path/Frameworks",
				);
				PRODUCT_BUNDLE_IDENTIFIER = "edu.missouri.Pocket-Chef";
				PRODUCT_NAME = "$(TARGET_NAME)";
				SWIFT_VERSION = 4.2;
				TARGETED_DEVICE_FAMILY = "1,2";
			};
			name = Release;
		};
/* End XCBuildConfiguration section */

/* Begin XCConfigurationList section */
		7BE43ABB218B77F50072738F /* Build configuration list for PBXProject "Pocket Chef" */ = {
			isa = XCConfigurationList;
			buildConfigurations = (
				7BE43AD0218B77F60072738F /* Debug */,
				7BE43AD1218B77F60072738F /* Release */,
			);
			defaultConfigurationIsVisible = 0;
			defaultConfigurationName = Release;
		};
		7BE43AD2218B77F60072738F /* Build configuration list for PBXNativeTarget "Pocket Chef" */ = {
			isa = XCConfigurationList;
			buildConfigurations = (
				7BE43AD3218B77F60072738F /* Debug */,
				7BE43AD4218B77F60072738F /* Release */,
			);
			defaultConfigurationIsVisible = 0;
			defaultConfigurationName = Release;
		};
/* End XCConfigurationList section */

/* Begin XCVersionGroup section */
		76948B9A21B05322005BD497 /* RecipeModel.xcdatamodeld */ = {
			isa = XCVersionGroup;
			children = (
				76948B9B21B05322005BD497 /* RecipeModel.xcdatamodel */,
			);
			currentVersion = 76948B9B21B05322005BD497 /* RecipeModel.xcdatamodel */;
			path = RecipeModel.xcdatamodeld;
			sourceTree = "<group>";
			versionGroupType = wrapper.xcdatamodel;
		};
/* End XCVersionGroup section */
	};
	rootObject = 7BE43AB8218B77F50072738F /* Project object */;
}
